
Microsoft Visual Studio Solution File, Format Version 12.00
# Visual Studio Version 16
VisualStudioVersion = 16.0.33801.447
MinimumVisualStudioVersion = 10.0.40219.1
Project("{FAE04EC0-301F-11D3-BF4B-00C04F79EFBC}") = "MathAndComparisonAssignment", "MathAndComparisonAssignment\MathAndComparisonAssignment.csproj", "{22E9BB7C-BCEF-4436-B166-A23D121C875C}"
EndProject
Global
	GlobalSection(SolutionConfigurationPlatforms) = preSolution
		Debug|Any CPU = Debug|Any CPU
		Release|Any CPU = Release|Any CPU
	EndGlobalSection
	GlobalSection(ProjectConfigurationPlatforms) = postSolution
		{22E9BB7C-BCEF-4436-B166-A23D121C875C}.Debug|Any CPU.ActiveCfg = Debug|Any CPU
		{22E9BB7C-BCEF-4436-B166-A23D121C875C}.Debug|Any CPU.Build.0 = Debug|Any CPU
		{22E9BB7C-BCEF-4436-B166-A23D121C875C}.Release|Any CPU.ActiveCfg = Release|Any CPU
		{22E9BB7C-BCEF-4436-B166-A23D121C875C}.Release|Any CPU.Build.0 = Release|Any CPU
	EndGlobalSection
	GlobalSection(SolutionProperties) = preSolution
		HideSolutionNode = FALSE
	EndGlobalSection
	GlobalSection(ExtensibilityGlobals) = postSolution
		SolutionGuid = {50943084-6DD0-4F63-B13D-442C4A4DDEAF}
	EndGlobalSection
EndGlobal
