
Microsoft Visual Studio Solution File, Format Version 12.00
# Visual Studio Version 16
VisualStudioVersion = 16.0.33801.447
MinimumVisualStudioVersion = 10.0.40219.1
Project("{FAE04EC0-301F-11D3-BF4B-00C04F79EFBC}") = "PersonAbstractAssignment", "PersonAbstractAssignment\PersonAbstractAssignment.csproj", "{F6AFD5A5-AFE1-419F-944E-EA492EB9331A}"
EndProject
Global
	GlobalSection(SolutionConfigurationPlatforms) = preSolution
		Debug|Any CPU = Debug|Any CPU
		Release|Any CPU = Release|Any CPU
	EndGlobalSection
	GlobalSection(ProjectConfigurationPlatforms) = postSolution
		{F6AFD5A5-AFE1-419F-944E-EA492EB9331A}.Debug|Any CPU.ActiveCfg = Debug|Any CPU
		{F6AFD5A5-AFE1-419F-944E-EA492EB9331A}.Debug|Any CPU.Build.0 = Debug|Any CPU
		{F6AFD5A5-AFE1-419F-944E-EA492EB9331A}.Release|Any CPU.ActiveCfg = Release|Any CPU
		{F6AFD5A5-AFE1-419F-944E-EA492EB9331A}.Release|Any CPU.Build.0 = Release|Any CPU
	EndGlobalSection
	GlobalSection(SolutionProperties) = preSolution
		HideSolutionNode = FALSE
	EndGlobalSection
	GlobalSection(ExtensibilityGlobals) = postSolution
		SolutionGuid = {AB67225C-BCCA-4C13-AEC1-B53D62EDA783}
	EndGlobalSection
EndGlobal
