
Microsoft Visual Studio Solution File, Format Version 12.00
# Visual Studio Version 16
VisualStudioVersion = 16.0.33801.447
MinimumVisualStudioVersion = 10.0.40219.1
Project("{FAE04EC0-301F-11D3-BF4B-00C04F79EFBC}") = "ClassMethodAssignment", "ClassMethodAssignment\ClassMethodAssignment.csproj", "{95368913-777F-4874-A26C-7A5DA9428E5C}"
EndProject
Global
	GlobalSection(SolutionConfigurationPlatforms) = preSolution
		Debug|Any CPU = Debug|Any CPU
		Release|Any CPU = Release|Any CPU
	EndGlobalSection
	GlobalSection(ProjectConfigurationPlatforms) = postSolution
		{95368913-777F-4874-A26C-7A5DA9428E5C}.Debug|Any CPU.ActiveCfg = Debug|Any CPU
		{95368913-777F-4874-A26C-7A5DA9428E5C}.Debug|Any CPU.Build.0 = Debug|Any CPU
		{95368913-777F-4874-A26C-7A5DA9428E5C}.Release|Any CPU.ActiveCfg = Release|Any CPU
		{95368913-777F-4874-A26C-7A5DA9428E5C}.Release|Any CPU.Build.0 = Release|Any CPU
	EndGlobalSection
	GlobalSection(SolutionProperties) = preSolution
		HideSolutionNode = FALSE
	EndGlobalSection
	GlobalSection(ExtensibilityGlobals) = postSolution
		SolutionGuid = {5212A5BF-2B69-4C49-A78B-F1379017DB18}
	EndGlobalSection
EndGlobal
