
Microsoft Visual Studio Solution File, Format Version 12.00
# Visual Studio Version 16
VisualStudioVersion = 16.0.33801.447
MinimumVisualStudioVersion = 10.0.40219.1
Project("{FAE04EC0-301F-11D3-BF4B-00C04F79EFBC}") = "BranchingAssignment", "BranchingAssignment\BranchingAssignment.csproj", "{7D4A0443-BF67-44E8-92A2-0BC3D2CDFC49}"
EndProject
Global
	GlobalSection(SolutionConfigurationPlatforms) = preSolution
		Debug|Any CPU = Debug|Any CPU
		Release|Any CPU = Release|Any CPU
	EndGlobalSection
	GlobalSection(ProjectConfigurationPlatforms) = postSolution
		{7D4A0443-BF67-44E8-92A2-0BC3D2CDFC49}.Debug|Any CPU.ActiveCfg = Debug|Any CPU
		{7D4A0443-BF67-44E8-92A2-0BC3D2CDFC49}.Debug|Any CPU.Build.0 = Debug|Any CPU
		{7D4A0443-BF67-44E8-92A2-0BC3D2CDFC49}.Release|Any CPU.ActiveCfg = Release|Any CPU
		{7D4A0443-BF67-44E8-92A2-0BC3D2CDFC49}.Release|Any CPU.Build.0 = Release|Any CPU
	EndGlobalSection
	GlobalSection(SolutionProperties) = preSolution
		HideSolutionNode = FALSE
	EndGlobalSection
	GlobalSection(ExtensibilityGlobals) = postSolution
		SolutionGuid = {377849EB-0EA8-41AE-8941-39CAFE77CBFF}
	EndGlobalSection
EndGlobal
