
Microsoft Visual Studio Solution File, Format Version 12.00
# Visual Studio Version 16
VisualStudioVersion = 16.0.33801.447
MinimumVisualStudioVersion = 10.0.40219.1
Project("{FAE04EC0-301F-11D3-BF4B-00C04F79EFBC}") = "CallingMethodAssignment", "CallingMethodAssignment\CallingMethodAssignment.csproj", "{2F3CD74F-A6C1-4F85-A536-145F7FC1968A}"
EndProject
Global
	GlobalSection(SolutionConfigurationPlatforms) = preSolution
		Debug|Any CPU = Debug|Any CPU
		Release|Any CPU = Release|Any CPU
	EndGlobalSection
	GlobalSection(ProjectConfigurationPlatforms) = postSolution
		{2F3CD74F-A6C1-4F85-A536-145F7FC1968A}.Debug|Any CPU.ActiveCfg = Debug|Any CPU
		{2F3CD74F-A6C1-4F85-A536-145F7FC1968A}.Debug|Any CPU.Build.0 = Debug|Any CPU
		{2F3CD74F-A6C1-4F85-A536-145F7FC1968A}.Release|Any CPU.ActiveCfg = Release|Any CPU
		{2F3CD74F-A6C1-4F85-A536-145F7FC1968A}.Release|Any CPU.Build.0 = Release|Any CPU
	EndGlobalSection
	GlobalSection(SolutionProperties) = preSolution
		HideSolutionNode = FALSE
	EndGlobalSection
	GlobalSection(ExtensibilityGlobals) = postSolution
		SolutionGuid = {3C73B261-256C-42B0-AE8B-660354D40223}
	EndGlobalSection
EndGlobal
