
Microsoft Visual Studio Solution File, Format Version 12.00
# Visual Studio Version 16
VisualStudioVersion = 16.0.33801.447
MinimumVisualStudioVersion = 10.0.40219.1
Project("{FAE04EC0-301F-11D3-BF4B-00C04F79EFBC}") = "DateTimeAssignment", "DateTimeAssignment\DateTimeAssignment.csproj", "{1991C9F8-A7EE-43A9-9D30-91A3BE89572F}"
EndProject
Global
	GlobalSection(SolutionConfigurationPlatforms) = preSolution
		Debug|Any CPU = Debug|Any CPU
		Release|Any CPU = Release|Any CPU
	EndGlobalSection
	GlobalSection(ProjectConfigurationPlatforms) = postSolution
		{1991C9F8-A7EE-43A9-9D30-91A3BE89572F}.Debug|Any CPU.ActiveCfg = Debug|Any CPU
		{1991C9F8-A7EE-43A9-9D30-91A3BE89572F}.Debug|Any CPU.Build.0 = Debug|Any CPU
		{1991C9F8-A7EE-43A9-9D30-91A3BE89572F}.Release|Any CPU.ActiveCfg = Release|Any CPU
		{1991C9F8-A7EE-43A9-9D30-91A3BE89572F}.Release|Any CPU.Build.0 = Release|Any CPU
	EndGlobalSection
	GlobalSection(SolutionProperties) = preSolution
		HideSolutionNode = FALSE
	EndGlobalSection
	GlobalSection(ExtensibilityGlobals) = postSolution
		SolutionGuid = {D05B0125-94BF-4C0D-9BF5-C8F722C5290F}
	EndGlobalSection
EndGlobal
