
Microsoft Visual Studio Solution File, Format Version 12.00
# Visual Studio Version 16
VisualStudioVersion = 16.0.33801.447
MinimumVisualStudioVersion = 10.0.40219.1
Project("{FAE04EC0-301F-11D3-BF4B-00C04F79EFBC}") = "ArraysAndLists", "ArraysAndLists\ArraysAndLists.csproj", "{DB0DCFED-9B5B-4A8B-B100-52115E5617FB}"
EndProject
Global
	GlobalSection(SolutionConfigurationPlatforms) = preSolution
		Debug|Any CPU = Debug|Any CPU
		Release|Any CPU = Release|Any CPU
	EndGlobalSection
	GlobalSection(ProjectConfigurationPlatforms) = postSolution
		{DB0DCFED-9B5B-4A8B-B100-52115E5617FB}.Debug|Any CPU.ActiveCfg = Debug|Any CPU
		{DB0DCFED-9B5B-4A8B-B100-52115E5617FB}.Debug|Any CPU.Build.0 = Debug|Any CPU
		{DB0DCFED-9B5B-4A8B-B100-52115E5617FB}.Release|Any CPU.ActiveCfg = Release|Any CPU
		{DB0DCFED-9B5B-4A8B-B100-52115E5617FB}.Release|Any CPU.Build.0 = Release|Any CPU
	EndGlobalSection
	GlobalSection(SolutionProperties) = preSolution
		HideSolutionNode = FALSE
	EndGlobalSection
	GlobalSection(ExtensibilityGlobals) = postSolution
		SolutionGuid = {A82D20BE-7510-4CAC-8B8D-5833C80463FA}
	EndGlobalSection
EndGlobal
