
Microsoft Visual Studio Solution File, Format Version 12.00
# Visual Studio Version 16
VisualStudioVersion = 16.0.33801.447
MinimumVisualStudioVersion = 10.0.40219.1
Project("{FAE04EC0-301F-11D3-BF4B-00C04F79EFBC}") = "DailyReport", "DailyReport\DailyReport.csproj", "{0FE9D3EB-30C2-477B-BE1A-956A5C7A6FBA}"
EndProject
Global
	GlobalSection(SolutionConfigurationPlatforms) = preSolution
		Debug|Any CPU = Debug|Any CPU
		Release|Any CPU = Release|Any CPU
	EndGlobalSection
	GlobalSection(ProjectConfigurationPlatforms) = postSolution
		{0FE9D3EB-30C2-477B-BE1A-956A5C7A6FBA}.Debug|Any CPU.ActiveCfg = Debug|Any CPU
		{0FE9D3EB-30C2-477B-BE1A-956A5C7A6FBA}.Debug|Any CPU.Build.0 = Debug|Any CPU
		{0FE9D3EB-30C2-477B-BE1A-956A5C7A6FBA}.Release|Any CPU.ActiveCfg = Release|Any CPU
		{0FE9D3EB-30C2-477B-BE1A-956A5C7A6FBA}.Release|Any CPU.Build.0 = Release|Any CPU
	EndGlobalSection
	GlobalSection(SolutionProperties) = preSolution
		HideSolutionNode = FALSE
	EndGlobalSection
	GlobalSection(ExtensibilityGlobals) = postSolution
		SolutionGuid = {8C6F2581-70BA-4A22-BEA1-54C9DCD2833D}
	EndGlobalSection
EndGlobal
