
Microsoft Visual Studio Solution File, Format Version 12.00
# Visual Studio Version 16
VisualStudioVersion = 16.0.33801.447
MinimumVisualStudioVersion = 10.0.40219.1
Project("{FAE04EC0-301F-11D3-BF4B-00C04F79EFBC}") = "ArraySubmissionAssignment", "ArraySubmissionAssignment\ArraySubmissionAssignment.csproj", "{C9EA914D-B63A-4462-88D9-1D934762B2C9}"
EndProject
Global
	GlobalSection(SolutionConfigurationPlatforms) = preSolution
		Debug|Any CPU = Debug|Any CPU
		Release|Any CPU = Release|Any CPU
	EndGlobalSection
	GlobalSection(ProjectConfigurationPlatforms) = postSolution
		{C9EA914D-B63A-4462-88D9-1D934762B2C9}.Debug|Any CPU.ActiveCfg = Debug|Any CPU
		{C9EA914D-B63A-4462-88D9-1D934762B2C9}.Debug|Any CPU.Build.0 = Debug|Any CPU
		{C9EA914D-B63A-4462-88D9-1D934762B2C9}.Release|Any CPU.ActiveCfg = Release|Any CPU
		{C9EA914D-B63A-4462-88D9-1D934762B2C9}.Release|Any CPU.Build.0 = Release|Any CPU
	EndGlobalSection
	GlobalSection(SolutionProperties) = preSolution
		HideSolutionNode = FALSE
	EndGlobalSection
	GlobalSection(ExtensibilityGlobals) = postSolution
		SolutionGuid = {2186880D-52BA-46C5-9B35-40A9923C8B1C}
	EndGlobalSection
EndGlobal
